
Microsoft Visual Studio Solution File, Format Version 12.00
# Visual Studio Version 16
VisualStudioVersion = 16.0.31019.35
MinimumVisualStudioVersion = 10.0.40219.1
Project("{FAE04EC0-301F-11D3-BF4B-00C04F79EFBC}") = "TrackerLibrary", "TrackerLibrary\TrackerLibrary.csproj", "{2E3BDD3F-2446-4A25-BD55-B10258D85CF9}"
EndProject
Project("{FAE04EC0-301F-11D3-BF4B-00C04F79EFBC}") = "TrackerUI", "TrackerUI\TrackerUI.csproj", "{1EE58EAB-1BCD-457F-8CF2-914E9F5C3036}"
EndProject
Global
	GlobalSection(SolutionConfigurationPlatforms) = preSolution
		Debug|Any CPU = Debug|Any CPU
		Release|Any CPU = Release|Any CPU
	EndGlobalSection
	GlobalSection(ProjectConfigurationPlatforms) = postSolution
		{2E3BDD3F-2446-4A25-BD55-B10258D85CF9}.Debug|Any CPU.ActiveCfg = Debug|Any CPU
		{2E3BDD3F-2446-4A25-BD55-B10258D85CF9}.Debug|Any CPU.Build.0 = Debug|Any CPU
		{2E3BDD3F-2446-4A25-BD55-B10258D85CF9}.Release|Any CPU.ActiveCfg = Release|Any CPU
		{2E3BDD3F-2446-4A25-BD55-B10258D85CF9}.Release|Any CPU.Build.0 = Release|Any CPU
		{1EE58EAB-1BCD-457F-8CF2-914E9F5C3036}.Debug|Any CPU.ActiveCfg = Debug|Any CPU
		{1EE58EAB-1BCD-457F-8CF2-914E9F5C3036}.Debug|Any CPU.Build.0 = Debug|Any CPU
		{1EE58EAB-1BCD-457F-8CF2-914E9F5C3036}.Release|Any CPU.ActiveCfg = Release|Any CPU
		{1EE58EAB-1BCD-457F-8CF2-914E9F5C3036}.Release|Any CPU.Build.0 = Release|Any CPU
	EndGlobalSection
	GlobalSection(SolutionProperties) = preSolution
		HideSolutionNode = FALSE
	EndGlobalSection
	GlobalSection(ExtensibilityGlobals) = postSolution
		SolutionGuid = {2D228CD9-2D82-4BDB-ACE9-E5575809E9EA}
	EndGlobalSection
EndGlobal
